{
  "name": "freemodel-proxy",
  "version": "0.1.0",
  "lockfileVersion": 3,
  "requires": true,
  "packages": {
    "": {
      "name": "freemodel-proxy",
      "version": "0.1.0",
      "license": "MIT",
      "dependencies": {
        "@hono/node-server": "1.13.7",
        "hono": "4.6.14"
      },
      "engines": {
        "node": ">=20"
      }
    },
    "node_modules/@hono/node-server": {
      "version": "1.13.7",
      "resolved": "https://registry.npmjs.org/@hono/node-server/-/node-server-1.13.7.tgz",
      "integrity": "sha512-kTfUMsoloVKtRA2fLiGSd9qBddmru9KadNyhJCwgKBxTiNkaAJEwkVN9KV/rS4HtmmNRtUh6P+YpmjRMl0d9vQ==",
      "license": "MIT",
      "engines": {
        "node": ">=18.14.1"
      },
      "peerDependencies": {
        "hono": "^4"
      }
    },
    "node_modules/hono": {
      "version": "4.6.14",
      "resolved": "https://registry.npmjs.org/hono/-/hono-4.6.14.tgz",
      "integrity": "sha512-j4VkyUp2xazGJ8eCCLN1Vm/bxdvm/j5ZuU9AIjLu9vapn2M44p9L3Ktr9Vnb2RN2QtcR/wVjZVMlT5k7GJQgPw==",
      "license": "MIT",
      "engines": {
        "node": ">=16.9.0"
      }
    }
  }
}
